{
    "version": 3,
    "terraform_version": "0.11.11",
    "serial": 3,
    "lineage": "3081aed6-f1d5-8867-eedc-dd80ce741e97",
    "modules": [
        {
            "path": [
                "root"
            ],
            "outputs": {},
            "resources": {
                "aws_iam_role.iam_for_lambda": {
                    "type": "aws_iam_role",
                    "depends_on": [],
                    "primary": {
                        "id": "iam_for_lambda",
                        "attributes": {
                            "arn": "arn:aws:iam::664327197508:role/iam_for_lambda",
                            "assume_role_policy": "{\"Version\":\"2012-10-17\",\"Statement\":[{\"Sid\":\"\",\"Effect\":\"Allow\",\"Principal\":{\"Service\":\"lambda.amazonaws.com\"},\"Action\":\"sts:AssumeRole\"}]}",
                            "create_date": "2019-01-08T04:23:30Z",
                            "description": "",
                            "force_detach_policies": "false",
                            "id": "iam_for_lambda",
                            "max_session_duration": "3600",
                            "name": "iam_for_lambda",
                            "path": "/",
                            "tags.%": "0",
                            "unique_id": "AROAIDZHVYU43JZMOSSCU"
                        },
                        "meta": {},
                        "tainted": false
                    },
                    "deposed": [],
                    "provider": "provider.aws"
                }
            },
            "depends_on": []
        }
    ]
}
